PODS:
  - Flutter (1.0.0)
  - flutter_webrtc (0.7.1):
    - Flutter
    - Libyuv (= 1703)
    - WebRTC-SDK (= 93.4577.01)
  - Libyuv (1703)
  - livekit_client (0.5.6):
    - Flutter
    - WebRTC-SDK (~> 93.4577)
  - path_provider_ios (0.0.1):
    - Flutter
  - shared_preferences_ios (0.0.1):
    - Flutter
  - WebRTC-SDK (93.4577.01)

DEPENDENCIES:
  - Flutter (from `Flutter`)
  - flutter_webrtc (from `.symlinks/plugins/flutter_webrtc/ios`)
  - livekit_client (from `.symlinks/plugins/livekit_client/ios`)
  - path_provider_ios (from `.symlinks/plugins/path_provider_ios/ios`)
  - shared_preferences_ios (from `.symlinks/plugins/shared_preferences_ios/ios`)

SPEC REPOS:
  trunk:
    - Libyuv
    - WebRTC-SDK

EXTERNAL SOURCES:
  Flutter:
    :path: Flutter
  flutter_webrtc:
    :path: ".symlinks/plugins/flutter_webrtc/ios"
  livekit_client:
    :path: ".symlinks/plugins/livekit_client/ios"
  path_provider_ios:
    :path: ".symlinks/plugins/path_provider_ios/ios"
  shared_preferences_ios:
    :path: ".symlinks/plugins/shared_preferences_ios/ios"

SPEC CHECKSUMS:
  Flutter: 50d75fe2f02b26cc09d224853bb45737f8b3214a
  flutter_webrtc: 611cab01a48b1d20e2b2409783c182134b8729e5
  Libyuv: 5f79ced0ee66e60a612ca97de1e6ccacd187a437
  livekit_client: 2b0426725d1efc2890fd1a30ba635f6f8845adf0
  path_provider_ios: 7d7ce634493af4477d156294792024ec3485acd5
  shared_preferences_ios: aef470a42dc4675a1cdd50e3158b42e3d1232b32
  WebRTC-SDK: 166b0e161d93d4b961f410bf7966a634f42aa17d

PODFILE CHECKSUM: 82aed1035f46bfa5b522f0d0dbf4730f17ec65ff

COCOAPODS: 1.11.2
