PODS:
  - connectivity_plus (0.0.1):
    - FlutterMacOS
    - ReachabilitySwift
  - device_info_plus (0.0.1):
    - FlutterMacOS
  - flutter_webrtc (0.9.20):
    - FlutterMacOS
    - WebRTC-SDK (= 104.5112.10)
  - flutter_window_close (0.0.1):
    - FlutterMacOS
  - FlutterMacOS (1.0.0)
  - livekit_client (1.1.2):
    - FlutterMacOS
    - WebRTC-SDK (= 104.5112.10)
  - path_provider_macos (0.0.1):
    - FlutterMacOS
  - ReachabilitySwift (5.0.0)
  - shared_preferences_macos (0.0.1):
    - FlutterMacOS
  - WebRTC-SDK (104.5112.10)

DEPENDENCIES:
  - connectivity_plus (from `Flutter/ephemeral/.symlinks/plugins/connectivity_plus/macos`)
  - device_info_plus (from `Flutter/ephemeral/.symlinks/plugins/device_info_plus/macos`)
  - flutter_webrtc (from `Flutter/ephemeral/.symlinks/plugins/flutter_webrtc/macos`)
  - flutter_window_close (from `Flutter/ephemeral/.symlinks/plugins/flutter_window_close/macos`)
  - FlutterMacOS (from `Flutter/ephemeral`)
  - livekit_client (from `Flutter/ephemeral/.symlinks/plugins/livekit_client/macos`)
  - path_provider_macos (from `Flutter/ephemeral/.symlinks/plugins/path_provider_macos/macos`)
  - shared_preferences_macos (from `Flutter/ephemeral/.symlinks/plugins/shared_preferences_macos/macos`)

SPEC REPOS:
  trunk:
    - ReachabilitySwift
    - WebRTC-SDK

EXTERNAL SOURCES:
  connectivity_plus:
    :path: Flutter/ephemeral/.symlinks/plugins/connectivity_plus/macos
  device_info_plus:
    :path: Flutter/ephemeral/.symlinks/plugins/device_info_plus/macos
  flutter_webrtc:
    :path: Flutter/ephemeral/.symlinks/plugins/flutter_webrtc/macos
  flutter_window_close:
    :path: Flutter/ephemeral/.symlinks/plugins/flutter_window_close/macos
  FlutterMacOS:
    :path: Flutter/ephemeral
  livekit_client:
    :path: Flutter/ephemeral/.symlinks/plugins/livekit_client/macos
  path_provider_macos:
    :path: Flutter/ephemeral/.symlinks/plugins/path_provider_macos/macos
  shared_preferences_macos:
    :path: Flutter/ephemeral/.symlinks/plugins/shared_preferences_macos/macos

SPEC CHECKSUMS:
  connectivity_plus: 18d3c32514c886e046de60e9c13895109866c747
  device_info_plus: 5401765fde0b8d062a2f8eb65510fb17e77cf07f
  flutter_webrtc: 2a59fdbd27f13be60de241c473bb3c81aa57e62f
  flutter_window_close: ee4a6b81ca6fafe93b7cba48b0a18976e3f48e39
  FlutterMacOS: ae6af50a8ea7d6103d888583d46bd8328a7e9811
  livekit_client: b01f5f46006f75427c7bb31f44fb1ffe3ddea86c
  path_provider_macos: 3c0c3b4b0d4a76d2bf989a913c2de869c5641a19
  ReachabilitySwift: 985039c6f7b23a1da463388634119492ff86c825
  shared_preferences_macos: a64dc611287ed6cbe28fd1297898db1336975727
  WebRTC-SDK: ae4d8536192ec2306e41e76b59334b8d7f05cb02

PODFILE CHECKSUM: 6eac6b3292e5142cfc23bdeb71848a40ec51c14c

COCOAPODS: 1.11.3
